
Microsoft Visual Studio Solution File, Format Version 12.00
# Visual Studio Version 16
VisualStudioVersion = 25.0.1706.5
MinimumVisualStudioVersion = 10.0.40219.1
Project("{FAE04EC0-301F-11D3-BF4B-00C04F79EFBC}") = "LongVariable", "LongVariable\LongVariable.csproj", "{9392689E-BA84-47F6-AC78-555D777AA10A}"
EndProject
Project("{FAE04EC0-301F-11D3-BF4B-00C04F79EFBC}") = "IntegerVariable", "IntegerVariable\IntegerVariable.csproj", "{21D951BE-85D3-4A61-A299-26BAC0A3F6CD}"
EndProject
Project("{FAE04EC0-301F-11D3-BF4B-00C04F79EFBC}") = "ShortVariable", "ShortVariable\ShortVariable.csproj", "{ABFB6767-BF2F-4C06-8273-706F5F44FB92}"
EndProject
Project("{FAE04EC0-301F-11D3-BF4B-00C04F79EFBC}") = "ByteVariable", "ByteVariable\ByteVariable.csproj", "{E5EE03CB-C24C-4365-916D-CFFDAFE2CDF7}"
EndProject
Project("{FAE04EC0-301F-11D3-BF4B-00C04F79EFBC}") = "BoolVariable", "BoolVariable\BoolVariable.csproj", "{27AF1A0A-416F-4701-A3F3-4CA41603D15B}"
EndProject
Project("{FAE04EC0-301F-11D3-BF4B-00C04F79EFBC}") = "CharVariable", "CharVariable\CharVariable.csproj", "{43D0415E-65D5-47A5-824F-68BD30A656A5}"
EndProject
Project("{FAE04EC0-301F-11D3-BF4B-00C04F79EFBC}") = "DoubleVariable", "DoubleVariable\DoubleVariable.csproj", "{B2C56B11-CBA7-47FE-8E23-26FAB41C15D2}"
EndProject
Project("{FAE04EC0-301F-11D3-BF4B-00C04F79EFBC}") = "DecimalVariable", "DecimalVariable\DecimalVariable.csproj", "{6B2DDDCB-9B17-4A5C-A00B-554B0880DC17}"
EndProject
Project("{FAE04EC0-301F-11D3-BF4B-00C04F79EFBC}") = "EnumVariable", "EnamVariable\EnumVariable.csproj", "{1A222888-1E5A-41BA-9FB1-7C703E185EB7}"
EndProject
Project("{FAE04EC0-301F-11D3-BF4B-00C04F79EFBC}") = "IfBlock", "IfBlock\IfBlock.csproj", "{70091DE1-EBF6-4B09-B981-45046ED43A82}"
EndProject
Project("{FAE04EC0-301F-11D3-BF4B-00C04F79EFBC}") = "SingleLineIf", "SingleLineIf\SingleLineIf.csproj", "{B82D7A99-66E9-40CB-9689-1EF237735A9C}"
EndProject
Project("{FAE04EC0-301F-11D3-BF4B-00C04F79EFBC}") = "IfElseBlock", "IfElseBlock\IfElseBlock.csproj", "{25FE8B36-F911-4284-BC75-44C5908B8BDA}"
EndProject
Project("{FAE04EC0-301F-11D3-BF4B-00C04F79EFBC}") = "SwitchBlock", "SwitchBlock\SwitchBlock.csproj", "{8FCEEEAA-9B51-4D2C-A933-EB203FA4C13C}"
EndProject
Project("{FAE04EC0-301F-11D3-BF4B-00C04F79EFBC}") = "DemoCokluSartlar", "DemoCokluSartlar\DemoCokluSartlar.csproj", "{22596AFB-1724-4E8A-9E53-C1844427E92B}"
EndProject
Project("{FAE04EC0-301F-11D3-BF4B-00C04F79EFBC}") = "IcIceIf", "IcIceIf\IcIceIf.csproj", "{11252E55-6604-4FDE-98B6-D4CFB5E6D0FB}"
EndProject
Project("{FAE04EC0-301F-11D3-BF4B-00C04F79EFBC}") = "Methods", "Methods\Methods.csproj", "{1F262ABC-9BF3-496B-A68A-C6A3982161BA}"
EndProject
Project("{FAE04EC0-301F-11D3-BF4B-00C04F79EFBC}") = "ParametreliMethods", "ParametreliMethods\ParametreliMethods.csproj", "{AC17E960-8F90-45A6-8078-2550896033F3}"
EndProject
Project("{FAE04EC0-301F-11D3-BF4B-00C04F79EFBC}") = "DefaultParametreliMethod", "DefaultParametreliMethod\DefaultParametreliMethod.csproj", "{433755D1-C040-4FA0-B14F-7BD3B6001250}"
EndProject
Project("{FAE04EC0-301F-11D3-BF4B-00C04F79EFBC}") = "Challenge", "Challenge\Challenge.csproj", "{C20DF798-1699-41A6-9C28-5EB0238CC761}"
EndProject
Project("{FAE04EC0-301F-11D3-BF4B-00C04F79EFBC}") = "OutKeyword", "OutKeyword\OutKeyword.csproj", "{2D787C54-1224-4DBC-946A-DD4CEA5EA7DA}"
EndProject
Project("{FAE04EC0-301F-11D3-BF4B-00C04F79EFBC}") = "MethodOverloading", "MethodOverloading\MethodOverloading.csproj", "{4E34234C-BA30-4BEC-A492-445F99C9475F}"
EndProject
Project("{FAE04EC0-301F-11D3-BF4B-00C04F79EFBC}") = "ParamsKeyword", "ParamsKeyword\ParamsKeyword.csproj", "{EB631997-9B3D-4D1A-9195-E7CE79274C12}"
EndProject
Project("{FAE04EC0-301F-11D3-BF4B-00C04F79EFBC}") = "Arrays", "Arrays\Arrays.csproj", "{3EEF5E49-5813-44E2-A60A-C4CA3A6A6EAC}"
EndProject
Project("{FAE04EC0-301F-11D3-BF4B-00C04F79EFBC}") = "CokBoyutluArrays", "CokBoyutluArrays\CokBoyutluArrays.csproj", "{7F7B44EA-F2ED-48F9-A359-EBDBBD912DD8}"
EndProject
Project("{FAE04EC0-301F-11D3-BF4B-00C04F79EFBC}") = "Loops", "Loops\Loops.csproj", "{1C45FB4D-6A05-46E5-AA02-54E1FDB2BDD7}"
EndProject
Project("{FAE04EC0-301F-11D3-BF4B-00C04F79EFBC}") = "While", "While\While.csproj", "{DA923526-6DD2-4C77-9057-FF2C58640D3C}"
EndProject
Project("{FAE04EC0-301F-11D3-BF4B-00C04F79EFBC}") = "DoWhile", "DoWhile\DoWhile.csproj", "{7B913B37-ADFE-465E-AA66-993BCA7C9D5E}"
EndProject
Project("{FAE04EC0-301F-11D3-BF4B-00C04F79EFBC}") = "ForEach", "ForEach\ForEach.csproj", "{3D24F15A-2E5E-476C-A46A-82ADEA6BAE41}"
EndProject
Project("{FAE04EC0-301F-11D3-BF4B-00C04F79EFBC}") = "AsalSayi", "AsalSayi\AsalSayi.csproj", "{3026422C-AE0D-4474-905E-D477B5642917}"
EndProject
Project("{FAE04EC0-301F-11D3-BF4B-00C04F79EFBC}") = "String", "String\String.csproj", "{3850269B-2F47-4938-9913-FF7092125C36}"
EndProject
Global
	GlobalSection(SolutionConfigurationPlatforms) = preSolution
		Debug|Any CPU = Debug|Any CPU
		Release|Any CPU = Release|Any CPU
	EndGlobalSection
	GlobalSection(ProjectConfigurationPlatforms) = postSolution
		{9392689E-BA84-47F6-AC78-555D777AA10A}.Debug|Any CPU.ActiveCfg = Debug|Any CPU
		{9392689E-BA84-47F6-AC78-555D777AA10A}.Debug|Any CPU.Build.0 = Debug|Any CPU
		{9392689E-BA84-47F6-AC78-555D777AA10A}.Release|Any CPU.ActiveCfg = Release|Any CPU
		{9392689E-BA84-47F6-AC78-555D777AA10A}.Release|Any CPU.Build.0 = Release|Any CPU
		{21D951BE-85D3-4A61-A299-26BAC0A3F6CD}.Debug|Any CPU.ActiveCfg = Debug|Any CPU
		{21D951BE-85D3-4A61-A299-26BAC0A3F6CD}.Debug|Any CPU.Build.0 = Debug|Any CPU
		{21D951BE-85D3-4A61-A299-26BAC0A3F6CD}.Release|Any CPU.ActiveCfg = Release|Any CPU
		{21D951BE-85D3-4A61-A299-26BAC0A3F6CD}.Release|Any CPU.Build.0 = Release|Any CPU
		{ABFB6767-BF2F-4C06-8273-706F5F44FB92}.Debug|Any CPU.ActiveCfg = Debug|Any CPU
		{ABFB6767-BF2F-4C06-8273-706F5F44FB92}.Debug|Any CPU.Build.0 = Debug|Any CPU
		{ABFB6767-BF2F-4C06-8273-706F5F44FB92}.Release|Any CPU.ActiveCfg = Release|Any CPU
		{ABFB6767-BF2F-4C06-8273-706F5F44FB92}.Release|Any CPU.Build.0 = Release|Any CPU
		{E5EE03CB-C24C-4365-916D-CFFDAFE2CDF7}.Debug|Any CPU.ActiveCfg = Debug|Any CPU
		{E5EE03CB-C24C-4365-916D-CFFDAFE2CDF7}.Debug|Any CPU.Build.0 = Debug|Any CPU
		{E5EE03CB-C24C-4365-916D-CFFDAFE2CDF7}.Release|Any CPU.ActiveCfg = Release|Any CPU
		{E5EE03CB-C24C-4365-916D-CFFDAFE2CDF7}.Release|Any CPU.Build.0 = Release|Any CPU
		{27AF1A0A-416F-4701-A3F3-4CA41603D15B}.Debug|Any CPU.ActiveCfg = Debug|Any CPU
		{27AF1A0A-416F-4701-A3F3-4CA41603D15B}.Debug|Any CPU.Build.0 = Debug|Any CPU
		{27AF1A0A-416F-4701-A3F3-4CA41603D15B}.Release|Any CPU.ActiveCfg = Release|Any CPU
		{27AF1A0A-416F-4701-A3F3-4CA41603D15B}.Release|Any CPU.Build.0 = Release|Any CPU
		{43D0415E-65D5-47A5-824F-68BD30A656A5}.Debug|Any CPU.ActiveCfg = Debug|Any CPU
		{43D0415E-65D5-47A5-824F-68BD30A656A5}.Debug|Any CPU.Build.0 = Debug|Any CPU
		{43D0415E-65D5-47A5-824F-68BD30A656A5}.Release|Any CPU.ActiveCfg = Release|Any CPU
		{43D0415E-65D5-47A5-824F-68BD30A656A5}.Release|Any CPU.Build.0 = Release|Any CPU
		{B2C56B11-CBA7-47FE-8E23-26FAB41C15D2}.Debug|Any CPU.ActiveCfg = Debug|Any CPU
		{B2C56B11-CBA7-47FE-8E23-26FAB41C15D2}.Debug|Any CPU.Build.0 = Debug|Any CPU
		{B2C56B11-CBA7-47FE-8E23-26FAB41C15D2}.Release|Any CPU.ActiveCfg = Release|Any CPU
		{B2C56B11-CBA7-47FE-8E23-26FAB41C15D2}.Release|Any CPU.Build.0 = Release|Any CPU
		{6B2DDDCB-9B17-4A5C-A00B-554B0880DC17}.Debug|Any CPU.ActiveCfg = Debug|Any CPU
		{6B2DDDCB-9B17-4A5C-A00B-554B0880DC17}.Debug|Any CPU.Build.0 = Debug|Any CPU
		{6B2DDDCB-9B17-4A5C-A00B-554B0880DC17}.Release|Any CPU.ActiveCfg = Release|Any CPU
		{6B2DDDCB-9B17-4A5C-A00B-554B0880DC17}.Release|Any CPU.Build.0 = Release|Any CPU
		{1A222888-1E5A-41BA-9FB1-7C703E185EB7}.Debug|Any CPU.ActiveCfg = Debug|Any CPU
		{1A222888-1E5A-41BA-9FB1-7C703E185EB7}.Debug|Any CPU.Build.0 = Debug|Any CPU
		{1A222888-1E5A-41BA-9FB1-7C703E185EB7}.Release|Any CPU.ActiveCfg = Release|Any CPU
		{1A222888-1E5A-41BA-9FB1-7C703E185EB7}.Release|Any CPU.Build.0 = Release|Any CPU
		{70091DE1-EBF6-4B09-B981-45046ED43A82}.Debug|Any CPU.ActiveCfg = Debug|Any CPU
		{70091DE1-EBF6-4B09-B981-45046ED43A82}.Debug|Any CPU.Build.0 = Debug|Any CPU
		{70091DE1-EBF6-4B09-B981-45046ED43A82}.Release|Any CPU.ActiveCfg = Release|Any CPU
		{70091DE1-EBF6-4B09-B981-45046ED43A82}.Release|Any CPU.Build.0 = Release|Any CPU
		{B82D7A99-66E9-40CB-9689-1EF237735A9C}.Debug|Any CPU.ActiveCfg = Debug|Any CPU
		{B82D7A99-66E9-40CB-9689-1EF237735A9C}.Debug|Any CPU.Build.0 = Debug|Any CPU
		{B82D7A99-66E9-40CB-9689-1EF237735A9C}.Release|Any CPU.ActiveCfg = Release|Any CPU
		{B82D7A99-66E9-40CB-9689-1EF237735A9C}.Release|Any CPU.Build.0 = Release|Any CPU
		{25FE8B36-F911-4284-BC75-44C5908B8BDA}.Debug|Any CPU.ActiveCfg = Debug|Any CPU
		{25FE8B36-F911-4284-BC75-44C5908B8BDA}.Debug|Any CPU.Build.0 = Debug|Any CPU
		{25FE8B36-F911-4284-BC75-44C5908B8BDA}.Release|Any CPU.ActiveCfg = Release|Any CPU
		{25FE8B36-F911-4284-BC75-44C5908B8BDA}.Release|Any CPU.Build.0 = Release|Any CPU
		{8FCEEEAA-9B51-4D2C-A933-EB203FA4C13C}.Debug|Any CPU.ActiveCfg = Debug|Any CPU
		{8FCEEEAA-9B51-4D2C-A933-EB203FA4C13C}.Debug|Any CPU.Build.0 = Debug|Any CPU
		{8FCEEEAA-9B51-4D2C-A933-EB203FA4C13C}.Release|Any CPU.ActiveCfg = Release|Any CPU
		{8FCEEEAA-9B51-4D2C-A933-EB203FA4C13C}.Release|Any CPU.Build.0 = Release|Any CPU
		{22596AFB-1724-4E8A-9E53-C1844427E92B}.Debug|Any CPU.ActiveCfg = Debug|Any CPU
		{22596AFB-1724-4E8A-9E53-C1844427E92B}.Debug|Any CPU.Build.0 = Debug|Any CPU
		{22596AFB-1724-4E8A-9E53-C1844427E92B}.Release|Any CPU.ActiveCfg = Release|Any CPU
		{22596AFB-1724-4E8A-9E53-C1844427E92B}.Release|Any CPU.Build.0 = Release|Any CPU
		{11252E55-6604-4FDE-98B6-D4CFB5E6D0FB}.Debug|Any CPU.ActiveCfg = Debug|Any CPU
		{11252E55-6604-4FDE-98B6-D4CFB5E6D0FB}.Debug|Any CPU.Build.0 = Debug|Any CPU
		{11252E55-6604-4FDE-98B6-D4CFB5E6D0FB}.Release|Any CPU.ActiveCfg = Release|Any CPU
		{11252E55-6604-4FDE-98B6-D4CFB5E6D0FB}.Release|Any CPU.Build.0 = Release|Any CPU
		{1F262ABC-9BF3-496B-A68A-C6A3982161BA}.Debug|Any CPU.ActiveCfg = Debug|Any CPU
		{1F262ABC-9BF3-496B-A68A-C6A3982161BA}.Debug|Any CPU.Build.0 = Debug|Any CPU
		{1F262ABC-9BF3-496B-A68A-C6A3982161BA}.Release|Any CPU.ActiveCfg = Release|Any CPU
		{1F262ABC-9BF3-496B-A68A-C6A3982161BA}.Release|Any CPU.Build.0 = Release|Any CPU
		{AC17E960-8F90-45A6-8078-2550896033F3}.Debug|Any CPU.ActiveCfg = Debug|Any CPU
		{AC17E960-8F90-45A6-8078-2550896033F3}.Debug|Any CPU.Build.0 = Debug|Any CPU
		{AC17E960-8F90-45A6-8078-2550896033F3}.Release|Any CPU.ActiveCfg = Release|Any CPU
		{AC17E960-8F90-45A6-8078-2550896033F3}.Release|Any CPU.Build.0 = Release|Any CPU
		{433755D1-C040-4FA0-B14F-7BD3B6001250}.Debug|Any CPU.ActiveCfg = Debug|Any CPU
		{433755D1-C040-4FA0-B14F-7BD3B6001250}.Debug|Any CPU.Build.0 = Debug|Any CPU
		{433755D1-C040-4FA0-B14F-7BD3B6001250}.Release|Any CPU.ActiveCfg = Release|Any CPU
		{433755D1-C040-4FA0-B14F-7BD3B6001250}.Release|Any CPU.Build.0 = Release|Any CPU
		{C20DF798-1699-41A6-9C28-5EB0238CC761}.Debug|Any CPU.ActiveCfg = Debug|Any CPU
		{C20DF798-1699-41A6-9C28-5EB0238CC761}.Debug|Any CPU.Build.0 = Debug|Any CPU
		{C20DF798-1699-41A6-9C28-5EB0238CC761}.Release|Any CPU.ActiveCfg = Release|Any CPU
		{C20DF798-1699-41A6-9C28-5EB0238CC761}.Release|Any CPU.Build.0 = Release|Any CPU
		{2D787C54-1224-4DBC-946A-DD4CEA5EA7DA}.Debug|Any CPU.ActiveCfg = Debug|Any CPU
		{2D787C54-1224-4DBC-946A-DD4CEA5EA7DA}.Debug|Any CPU.Build.0 = Debug|Any CPU
		{2D787C54-1224-4DBC-946A-DD4CEA5EA7DA}.Release|Any CPU.ActiveCfg = Release|Any CPU
		{2D787C54-1224-4DBC-946A-DD4CEA5EA7DA}.Release|Any CPU.Build.0 = Release|Any CPU
		{4E34234C-BA30-4BEC-A492-445F99C9475F}.Debug|Any CPU.ActiveCfg = Debug|Any CPU
		{4E34234C-BA30-4BEC-A492-445F99C9475F}.Debug|Any CPU.Build.0 = Debug|Any CPU
		{4E34234C-BA30-4BEC-A492-445F99C9475F}.Release|Any CPU.ActiveCfg = Release|Any CPU
		{4E34234C-BA30-4BEC-A492-445F99C9475F}.Release|Any CPU.Build.0 = Release|Any CPU
		{EB631997-9B3D-4D1A-9195-E7CE79274C12}.Debug|Any CPU.ActiveCfg = Debug|Any CPU
		{EB631997-9B3D-4D1A-9195-E7CE79274C12}.Debug|Any CPU.Build.0 = Debug|Any CPU
		{EB631997-9B3D-4D1A-9195-E7CE79274C12}.Release|Any CPU.ActiveCfg = Release|Any CPU
		{EB631997-9B3D-4D1A-9195-E7CE79274C12}.Release|Any CPU.Build.0 = Release|Any CPU
		{3EEF5E49-5813-44E2-A60A-C4CA3A6A6EAC}.Debug|Any CPU.ActiveCfg = Debug|Any CPU
		{3EEF5E49-5813-44E2-A60A-C4CA3A6A6EAC}.Debug|Any CPU.Build.0 = Debug|Any CPU
		{3EEF5E49-5813-44E2-A60A-C4CA3A6A6EAC}.Release|Any CPU.ActiveCfg = Release|Any CPU
		{3EEF5E49-5813-44E2-A60A-C4CA3A6A6EAC}.Release|Any CPU.Build.0 = Release|Any CPU
		{7F7B44EA-F2ED-48F9-A359-EBDBBD912DD8}.Debug|Any CPU.ActiveCfg = Debug|Any CPU
		{7F7B44EA-F2ED-48F9-A359-EBDBBD912DD8}.Debug|Any CPU.Build.0 = Debug|Any CPU
		{7F7B44EA-F2ED-48F9-A359-EBDBBD912DD8}.Release|Any CPU.ActiveCfg = Release|Any CPU
		{7F7B44EA-F2ED-48F9-A359-EBDBBD912DD8}.Release|Any CPU.Build.0 = Release|Any CPU
		{1C45FB4D-6A05-46E5-AA02-54E1FDB2BDD7}.Debug|Any CPU.ActiveCfg = Debug|Any CPU
		{1C45FB4D-6A05-46E5-AA02-54E1FDB2BDD7}.Debug|Any CPU.Build.0 = Debug|Any CPU
		{1C45FB4D-6A05-46E5-AA02-54E1FDB2BDD7}.Release|Any CPU.ActiveCfg = Release|Any CPU
		{1C45FB4D-6A05-46E5-AA02-54E1FDB2BDD7}.Release|Any CPU.Build.0 = Release|Any CPU
		{DA923526-6DD2-4C77-9057-FF2C58640D3C}.Debug|Any CPU.ActiveCfg = Debug|Any CPU
		{DA923526-6DD2-4C77-9057-FF2C58640D3C}.Debug|Any CPU.Build.0 = Debug|Any CPU
		{DA923526-6DD2-4C77-9057-FF2C58640D3C}.Release|Any CPU.ActiveCfg = Release|Any CPU
		{DA923526-6DD2-4C77-9057-FF2C58640D3C}.Release|Any CPU.Build.0 = Release|Any CPU
		{7B913B37-ADFE-465E-AA66-993BCA7C9D5E}.Debug|Any CPU.ActiveCfg = Debug|Any CPU
		{7B913B37-ADFE-465E-AA66-993BCA7C9D5E}.Debug|Any CPU.Build.0 = Debug|Any CPU
		{7B913B37-ADFE-465E-AA66-993BCA7C9D5E}.Release|Any CPU.ActiveCfg = Release|Any CPU
		{7B913B37-ADFE-465E-AA66-993BCA7C9D5E}.Release|Any CPU.Build.0 = Release|Any CPU
		{3D24F15A-2E5E-476C-A46A-82ADEA6BAE41}.Debug|Any CPU.ActiveCfg = Debug|Any CPU
		{3D24F15A-2E5E-476C-A46A-82ADEA6BAE41}.Debug|Any CPU.Build.0 = Debug|Any CPU
		{3D24F15A-2E5E-476C-A46A-82ADEA6BAE41}.Release|Any CPU.ActiveCfg = Release|Any CPU
		{3D24F15A-2E5E-476C-A46A-82ADEA6BAE41}.Release|Any CPU.Build.0 = Release|Any CPU
		{3026422C-AE0D-4474-905E-D477B5642917}.Debug|Any CPU.ActiveCfg = Debug|Any CPU
		{3026422C-AE0D-4474-905E-D477B5642917}.Debug|Any CPU.Build.0 = Debug|Any CPU
		{3026422C-AE0D-4474-905E-D477B5642917}.Release|Any CPU.ActiveCfg = Release|Any CPU
		{3026422C-AE0D-4474-905E-D477B5642917}.Release|Any CPU.Build.0 = Release|Any CPU
		{3850269B-2F47-4938-9913-FF7092125C36}.Debug|Any CPU.ActiveCfg = Debug|Any CPU
		{3850269B-2F47-4938-9913-FF7092125C36}.Debug|Any CPU.Build.0 = Debug|Any CPU
		{3850269B-2F47-4938-9913-FF7092125C36}.Release|Any CPU.ActiveCfg = Release|Any CPU
		{3850269B-2F47-4938-9913-FF7092125C36}.Release|Any CPU.Build.0 = Release|Any CPU
	EndGlobalSection
	GlobalSection(SolutionProperties) = preSolution
		HideSolutionNode = FALSE
	EndGlobalSection
	GlobalSection(ExtensibilityGlobals) = postSolution
		SolutionGuid = {797191CD-E8B3-4577-8076-97E161940EBD}
	EndGlobalSection
EndGlobal
